
Microsoft Visual Studio Solution File, Format Version 12.00
# Visual Studio 14
VisualStudioVersion = 14.0.25420.1
MinimumVisualStudioVersion = 10.0.40219.1
Project("{FAE04EC0-301F-11D3-BF4B-00C04F79EFBC}") = "XIAOWEN.SHELL", "XIAOWEN.SHELL\XIAOWEN.SHELL.csproj", "{46ECB916-EB29-4BA7-BC61-538364ED45D3}"
EndProject
Project("{FAE04EC0-301F-11D3-BF4B-00C04F79EFBC}") = "XIAOWEN.PLUGIN1", "XIAOWEN.PLUGIN1\XIAOWEN.PLUGIN1.csproj", "{2C0B3ED8-7B07-486C-ACAF-4B150E1305C9}"
EndProject
Project("{FAE04EC0-301F-11D3-BF4B-00C04F79EFBC}") = "XIAOWEN.DATA", "XIAOWEN.DATA\XIAOWEN.DATA.csproj", "{DA986610-3C76-4557-A658-B20F99DEEC6C}"
EndProject
Project("{D954291E-2A0B-460D-934E-DC6B0785DB48}") = "XIAOWEN.SHARE", "XIAOWEN.SHARE\XIAOWEN.SHARE.shproj", "{661DECBC-9D36-4C9D-960C-F16A9C3CBFC0}"
EndProject
Project("{FAE04EC0-301F-11D3-BF4B-00C04F79EFBC}") = "XIAOWEN.INFRASTRUCTURE", "XIAOWEN.INFRASTRUCTURE\XIAOWEN.INFRASTRUCTURE.csproj", "{2B18760C-A17E-40F3-B541-991CECB10E64}"
EndProject
Project("{FAE04EC0-301F-11D3-BF4B-00C04F79EFBC}") = "XIAOWEN.PLUGIN2", "XIAOWEN.PLUGIN2\XIAOWEN.PLUGIN2.csproj", "{758845DB-B130-4D21-9157-B2DD983A191A}"
EndProject
Project("{FAE04EC0-301F-11D3-BF4B-00C04F79EFBC}") = "XIAOWEN.SERVICE", "XIAOWEN.SERVICE\XIAOWEN.SERVICE.csproj", "{3E33E850-9336-46ED-9B2D-8AFF3EDB9DF7}"
EndProject
Project("{2150E333-8FDC-42A3-9474-1A3956D46DE8}") = "PLUGINS", "PLUGINS", "{3795DD0C-7CD2-4E0A-AE44-9BDB066ED19E}"
EndProject
Project("{FAE04EC0-301F-11D3-BF4B-00C04F79EFBC}") = "XIAOWEN.PLUGINDEMO", "XIAOWEN.PLUGINDEMO\XIAOWEN.PLUGINDEMO.csproj", "{A1B3CE27-877F-4B64-9454-6BF7B34B9526}"
EndProject
Global
	GlobalSection(SharedMSBuildProjectFiles) = preSolution
		XIAOWEN.SHARE\XIAOWEN.SHARE.projitems*{661decbc-9d36-4c9d-960c-f16a9c3cbfc0}*SharedItemsImports = 13
	EndGlobalSection
	GlobalSection(SolutionConfigurationPlatforms) = preSolution
		Debug|Any CPU = Debug|Any CPU
		Release|Any CPU = Release|Any CPU
	EndGlobalSection
	GlobalSection(ProjectConfigurationPlatforms) = postSolution
		{46ECB916-EB29-4BA7-BC61-538364ED45D3}.Debug|Any CPU.ActiveCfg = Debug|Any CPU
		{46ECB916-EB29-4BA7-BC61-538364ED45D3}.Debug|Any CPU.Build.0 = Debug|Any CPU
		{46ECB916-EB29-4BA7-BC61-538364ED45D3}.Release|Any CPU.ActiveCfg = Release|Any CPU
		{46ECB916-EB29-4BA7-BC61-538364ED45D3}.Release|Any CPU.Build.0 = Release|Any CPU
		{2C0B3ED8-7B07-486C-ACAF-4B150E1305C9}.Debug|Any CPU.ActiveCfg = Debug|Any CPU
		{2C0B3ED8-7B07-486C-ACAF-4B150E1305C9}.Debug|Any CPU.Build.0 = Debug|Any CPU
		{2C0B3ED8-7B07-486C-ACAF-4B150E1305C9}.Release|Any CPU.ActiveCfg = Release|Any CPU
		{2C0B3ED8-7B07-486C-ACAF-4B150E1305C9}.Release|Any CPU.Build.0 = Release|Any CPU
		{DA986610-3C76-4557-A658-B20F99DEEC6C}.Debug|Any CPU.ActiveCfg = Debug|Any CPU
		{DA986610-3C76-4557-A658-B20F99DEEC6C}.Debug|Any CPU.Build.0 = Debug|Any CPU
		{DA986610-3C76-4557-A658-B20F99DEEC6C}.Release|Any CPU.ActiveCfg = Release|Any CPU
		{DA986610-3C76-4557-A658-B20F99DEEC6C}.Release|Any CPU.Build.0 = Release|Any CPU
		{2B18760C-A17E-40F3-B541-991CECB10E64}.Debug|Any CPU.ActiveCfg = Debug|Any CPU
		{2B18760C-A17E-40F3-B541-991CECB10E64}.Debug|Any CPU.Build.0 = Debug|Any CPU
		{2B18760C-A17E-40F3-B541-991CECB10E64}.Release|Any CPU.ActiveCfg = Release|Any CPU
		{2B18760C-A17E-40F3-B541-991CECB10E64}.Release|Any CPU.Build.0 = Release|Any CPU
		{758845DB-B130-4D21-9157-B2DD983A191A}.Debug|Any CPU.ActiveCfg = Debug|Any CPU
		{758845DB-B130-4D21-9157-B2DD983A191A}.Debug|Any CPU.Build.0 = Debug|Any CPU
		{758845DB-B130-4D21-9157-B2DD983A191A}.Release|Any CPU.ActiveCfg = Release|Any CPU
		{758845DB-B130-4D21-9157-B2DD983A191A}.Release|Any CPU.Build.0 = Release|Any CPU
		{3E33E850-9336-46ED-9B2D-8AFF3EDB9DF7}.Debug|Any CPU.ActiveCfg = Debug|Any CPU
		{3E33E850-9336-46ED-9B2D-8AFF3EDB9DF7}.Debug|Any CPU.Build.0 = Debug|Any CPU
		{3E33E850-9336-46ED-9B2D-8AFF3EDB9DF7}.Release|Any CPU.ActiveCfg = Release|Any CPU
		{3E33E850-9336-46ED-9B2D-8AFF3EDB9DF7}.Release|Any CPU.Build.0 = Release|Any CPU
		{A1B3CE27-877F-4B64-9454-6BF7B34B9526}.Debug|Any CPU.ActiveCfg = Debug|Any CPU
		{A1B3CE27-877F-4B64-9454-6BF7B34B9526}.Debug|Any CPU.Build.0 = Debug|Any CPU
		{A1B3CE27-877F-4B64-9454-6BF7B34B9526}.Release|Any CPU.ActiveCfg = Release|Any CPU
		{A1B3CE27-877F-4B64-9454-6BF7B34B9526}.Release|Any CPU.Build.0 = Release|Any CPU
	EndGlobalSection
	GlobalSection(SolutionProperties) = preSolution
		HideSolutionNode = FALSE
	EndGlobalSection
	GlobalSection(NestedProjects) = preSolution
		{A1B3CE27-877F-4B64-9454-6BF7B34B9526} = {3795DD0C-7CD2-4E0A-AE44-9BDB066ED19E}
	EndGlobalSection
EndGlobal
